// !$*UTF8*$!
{
	archiveVersion = 1;
	classes = {
	};
	objectVersion = 50;
	objects = {

/* Begin PBXBuildFile section */
		3A057B852173591200005625 /* URLRequest+Resource.swift in Sources */ = {isa = PBXBuildFile; fileRef = 3A057B842173591100005625 /* URLRequest+Resource.swift */; };
		3A057B87217361FB00005625 /* globalEnvironment.swift in Sources */ = {isa = PBXBuildFile; fileRef = 3A057B86217361FB00005625 /* globalEnvironment.swift */; };
		3A057B8E2173777400005625 /* CustomDate.swift in Sources */ = {isa = PBXBuildFile; fileRef = 3A057B8C2173777400005625 /* CustomDate.swift */; };
		3A057B8F2173777400005625 /* QueryDictionaryConvertible.swift in Sources */ = {isa = PBXBuildFile; fileRef = 3A057B8D2173777400005625 /* QueryDictionaryConvertible.swift */; };
		3A057B97217378EB00005625 /* AllTasksResponseTests.swift in Sources */ = {isa = PBXBuildFile; fileRef = 3A057B92217378EB00005625 /* AllTasksResponseTests.swift */; };
		3A057B98217378EB00005625 /* AllTasksResponse2.json in Resources */ = {isa = PBXBuildFile; fileRef = 3A057B93217378EB00005625 /* AllTasksResponse2.json */; };
		3A057B99217378EB00005625 /* AllTasksResponse.json in Resources */ = {isa = PBXBuildFile; fileRef = 3A057B94217378EB00005625 /* AllTasksResponse.json */; };
		3A057B9A217378EB00005625 /* GetAllTasksTests.swift in Sources */ = {isa = PBXBuildFile; fileRef = 3A057B95217378EB00005625 /* GetAllTasksTests.swift */; };
		3A057B9B217378EB00005625 /* TasksSubQueryTests.swift in Sources */ = {isa = PBXBuildFile; fileRef = 3A057B96217378EB00005625 /* TasksSubQueryTests.swift */; };
		3A057B9D2173793700005625 /* allTasks.json in Resources */ = {isa = PBXBuildFile; fileRef = 3A057B9C2173793700005625 /* allTasks.json */; };
		3A057BA72173796E00005625 /* TodoItem.swift in Sources */ = {isa = PBXBuildFile; fileRef = 3A057BA02173796D00005625 /* TodoItem.swift */; };
		3A057BA82173796E00005625 /* Predecessor.swift in Sources */ = {isa = PBXBuildFile; fileRef = 3A057BA12173796D00005625 /* Predecessor.swift */; };
		3A057BA92173796E00005625 /* Tag.swift in Sources */ = {isa = PBXBuildFile; fileRef = 3A057BA22173796D00005625 /* Tag.swift */; };
		3A057BAA2173796E00005625 /* AllTasksResponse.swift in Sources */ = {isa = PBXBuildFile; fileRef = 3A057BA32173796D00005625 /* AllTasksResponse.swift */; };
		3A057BAB2173796E00005625 /* TasksSubQuery.swift in Sources */ = {isa = PBXBuildFile; fileRef = 3A057BA52173796D00005625 /* TasksSubQuery.swift */; };
		3A057BAC2173796E00005625 /* GetAllTasksQuery.swift in Sources */ = {isa = PBXBuildFile; fileRef = 3A057BA62173796D00005625 /* GetAllTasksQuery.swift */; };
		3A057BAE21737C9900005625 /* MockedTeamworkClientTests.swift in Sources */ = {isa = PBXBuildFile; fileRef = 3A057BAD21737C9900005625 /* MockedTeamworkClientTests.swift */; };
		3A057BBF21739C1C00005625 /* TasksInteractor.swift in Sources */ = {isa = PBXBuildFile; fileRef = 3A057BAF21739C1C00005625 /* TasksInteractor.swift */; };
		3A057BC021739C1C00005625 /* CellType.swift in Sources */ = {isa = PBXBuildFile; fileRef = 3A057BB221739C1C00005625 /* CellType.swift */; };
		3A057BC121739C1C00005625 /* Cell.swift in Sources */ = {isa = PBXBuildFile; fileRef = 3A057BB321739C1C00005625 /* Cell.swift */; };
		3A057BC221739C1C00005625 /* CellViewType.swift in Sources */ = {isa = PBXBuildFile; fileRef = 3A057BB421739C1C00005625 /* CellViewType.swift */; };
		3A057BC321739C1C00005625 /* TodoCell.swift in Sources */ = {isa = PBXBuildFile; fileRef = 3A057BB621739C1C00005625 /* TodoCell.swift */; };
		3A057BC421739C1C00005625 /* TodoHeaderCellView.swift in Sources */ = {isa = PBXBuildFile; fileRef = 3A057BB721739C1C00005625 /* TodoHeaderCellView.swift */; };
		3A057BC521739C1C00005625 /* TodoCellView.swift in Sources */ = {isa = PBXBuildFile; fileRef = 3A057BB821739C1C00005625 /* TodoCellView.swift */; };
		3A057BC621739C1C00005625 /* TodoHeaderCell.swift in Sources */ = {isa = PBXBuildFile; fileRef = 3A057BB921739C1C00005625 /* TodoHeaderCell.swift */; };
		3A057BC721739C1C00005625 /* TodoModel.swift in Sources */ = {isa = PBXBuildFile; fileRef = 3A057BBA21739C1C00005625 /* TodoModel.swift */; };
		3A057BC821739C1C00005625 /* CollectionDataSource.swift in Sources */ = {isa = PBXBuildFile; fileRef = 3A057BBC21739C1C00005625 /* CollectionDataSource.swift */; };
		3A057BC921739C1C00005625 /* Section.swift in Sources */ = {isa = PBXBuildFile; fileRef = 3A057BBD21739C1C00005625 /* Section.swift */; };
		3A057BCA21739C1C00005625 /* CollectionViewLayout.swift in Sources */ = {isa = PBXBuildFile; fileRef = 3A057BBE21739C1C00005625 /* CollectionViewLayout.swift */; };
		3A057BCC21739C7E00005625 /* Then.swift in Sources */ = {isa = PBXBuildFile; fileRef = 3A057BCB21739C7E00005625 /* Then.swift */; };
		3A057BCE21739EFE00005625 /* Array+initWithTodoItems.swift in Sources */ = {isa = PBXBuildFile; fileRef = 3A057BCD21739EFE00005625 /* Array+initWithTodoItems.swift */; };
		3A057BD22173A3B200005625 /* TaskListsResponse.swift in Sources */ = {isa = PBXBuildFile; fileRef = 3A057BD12173A3B200005625 /* TaskListsResponse.swift */; };
		3A057BD42173A48A00005625 /* TaskListsQuery.swift in Sources */ = {isa = PBXBuildFile; fileRef = 3A057BD32173A48A00005625 /* TaskListsQuery.swift */; };
		3A057BD62173A5C500005625 /* RandomValues.swift in Sources */ = {isa = PBXBuildFile; fileRef = 3A057BD52173A5C500005625 /* RandomValues.swift */; };
		3A057BD92173A7D200005625 /* TaskListsQueryTests.swift in Sources */ = {isa = PBXBuildFile; fileRef = 3A057BD82173A7D200005625 /* TaskListsQueryTests.swift */; };
		3A057BDC2173AADE00005625 /* TeamworkClientTests.swift in Sources */ = {isa = PBXBuildFile; fileRef = 3A057BDB2173AADE00005625 /* TeamworkClientTests.swift */; };
		3A057BDE2173AB6300005625 /* teamworkClientConfiguration.plist in Resources */ = {isa = PBXBuildFile; fileRef = 3A057BDD2173AB6300005625 /* teamworkClientConfiguration.plist */; };
		3A057BE02173B0DF00005625 /* taskListsResponse.json in Resources */ = {isa = PBXBuildFile; fileRef = 3A057BDF2173B0DF00005625 /* taskListsResponse.json */; };
		3A057BE22173B10C00005625 /* TaskListsResponseTests.swift in Sources */ = {isa = PBXBuildFile; fileRef = 3A057BE12173B10C00005625 /* TaskListsResponseTests.swift */; };
		3AD6F40221728CDA003379D4 /* UserDefaultsKeyValueStore.swift in Sources */ = {isa = PBXBuildFile; fileRef = 3AD6F3FE21728CDA003379D4 /* UserDefaultsKeyValueStore.swift */; };
		3AD6F40321728CDA003379D4 /* Store.swift in Sources */ = {isa = PBXBuildFile; fileRef = 3AD6F3FF21728CDA003379D4 /* Store.swift */; };
		3AD6F40421728CDA003379D4 /* KeyValueStore.swift in Sources */ = {isa = PBXBuildFile; fileRef = 3AD6F40021728CDA003379D4 /* KeyValueStore.swift */; };
		3AD6F40521728CDA003379D4 /* Authentication.swift in Sources */ = {isa = PBXBuildFile; fileRef = 3AD6F40121728CDA003379D4 /* Authentication.swift */; };
		3AD6F40821728D58003379D4 /* TeamworkClient.swift in Sources */ = {isa = PBXBuildFile; fileRef = 3AD6F40721728D58003379D4 /* TeamworkClient.swift */; };
		3AD6F40A21728D63003379D4 /* AuthenticatingClient.swift in Sources */ = {isa = PBXBuildFile; fileRef = 3AD6F40921728D63003379D4 /* AuthenticatingClient.swift */; };
		3AD6F40C21728D80003379D4 /* ApiClient.swift in Sources */ = {isa = PBXBuildFile; fileRef = 3AD6F40B21728D80003379D4 /* ApiClient.swift */; };
		3AD6F41021728F22003379D4 /* CoordinatorTests.swift in Sources */ = {isa = PBXBuildFile; fileRef = 3AD6F40E21728F1A003379D4 /* CoordinatorTests.swift */; };
		3AD6F41421728FD0003379D4 /* UserDefaultsKeyValueStoreTests.swift in Sources */ = {isa = PBXBuildFile; fileRef = 3AD6F41221728FD0003379D4 /* UserDefaultsKeyValueStoreTests.swift */; };
		3AD6F41521728FD0003379D4 /* AuthenticationTests.swift in Sources */ = {isa = PBXBuildFile; fileRef = 3AD6F41321728FD0003379D4 /* AuthenticationTests.swift */; };
		3AD6F417217292F6003379D4 /* LoginInteractor.swift in Sources */ = {isa = PBXBuildFile; fileRef = 3AD6F416217292F6003379D4 /* LoginInteractor.swift */; };
		3AD6F41B21729658003379D4 /* XCTestCase+wait.swift in Sources */ = {isa = PBXBuildFile; fileRef = 3AD6F41921729658003379D4 /* XCTestCase+wait.swift */; };
		3AD6F41C21729658003379D4 /* LoginTests.swift in Sources */ = {isa = PBXBuildFile; fileRef = 3AD6F41A21729658003379D4 /* LoginTests.swift */; };
		3AD6F4282172A296003379D4 /* MockURLSessionDataTask.swift in Sources */ = {isa = PBXBuildFile; fileRef = 3AD6F4232172A296003379D4 /* MockURLSessionDataTask.swift */; };
		3AD6F4292172A296003379D4 /* MockURLSession.swift in Sources */ = {isa = PBXBuildFile; fileRef = 3AD6F4242172A296003379D4 /* MockURLSession.swift */; };
		3AD6F42A2172A296003379D4 /* token.json in Resources */ = {isa = PBXBuildFile; fileRef = 3AD6F4262172A296003379D4 /* token.json */; };
		3AD6F42B2172A296003379D4 /* MockedAuthenticatingClient.swift in Sources */ = {isa = PBXBuildFile; fileRef = 3AD6F4272172A296003379D4 /* MockedAuthenticatingClient.swift */; };
		3AD6F42D2172A2B1003379D4 /* MockedTeamworkClient.swift in Sources */ = {isa = PBXBuildFile; fileRef = 3AD6F42C2172A2B1003379D4 /* MockedTeamworkClient.swift */; };
		3AD6F4302172A2DE003379D4 /* URLSessionProtocol.swift in Sources */ = {isa = PBXBuildFile; fileRef = 3AD6F42E2172A2DE003379D4 /* URLSessionProtocol.swift */; };
		3AD6F4312172A2DE003379D4 /* URLSessionDataTaskProtocol.swift in Sources */ = {isa = PBXBuildFile; fileRef = 3AD6F42F2172A2DE003379D4 /* URLSessionDataTaskProtocol.swift */; };
		3AD6F4332172A2FC003379D4 /* ApiResultCompletion.swift in Sources */ = {isa = PBXBuildFile; fileRef = 3AD6F4322172A2FC003379D4 /* ApiResultCompletion.swift */; };
		3AD6F4352172A314003379D4 /* RequestError.swift in Sources */ = {isa = PBXBuildFile; fileRef = 3AD6F4342172A314003379D4 /* RequestError.swift */; };
		3AD6F43A2172A4D6003379D4 /* AccessTokenResponse.swift in Sources */ = {isa = PBXBuildFile; fileRef = 3AD6F4382172A4D6003379D4 /* AccessTokenResponse.swift */; };
		3AD6F43B2172A4D6003379D4 /* User.swift in Sources */ = {isa = PBXBuildFile; fileRef = 3AD6F4392172A4D6003379D4 /* User.swift */; };
		3AD6F43E2172A4FB003379D4 /* Company.swift in Sources */ = {isa = PBXBuildFile; fileRef = 3AD6F43C2172A4FB003379D4 /* Company.swift */; };
		3AD6F43F2172A4FB003379D4 /* Installation.swift in Sources */ = {isa = PBXBuildFile; fileRef = 3AD6F43D2172A4FB003379D4 /* Installation.swift */; };
		3AD6F4442172A583003379D4 /* TokenResponseTests.swift in Sources */ = {isa = PBXBuildFile; fileRef = 3AD6F4432172A583003379D4 /* TokenResponseTests.swift */; };
		3AD6F4462172A5B3003379D4 /* token.json in Resources */ = {isa = PBXBuildFile; fileRef = 3AD6F4452172A5B3003379D4 /* token.json */; };
		3AD6F4492172A60A003379D4 /* Encodable+dumpJSON.swift in Sources */ = {isa = PBXBuildFile; fileRef = 3AD6F4482172A60A003379D4 /* Encodable+dumpJSON.swift */; };
		3AD6F44B2172A648003379D4 /* XCTestCase+decodeJsonFile.swift in Sources */ = {isa = PBXBuildFile; fileRef = 3AD6F44A2172A648003379D4 /* XCTestCase+decodeJsonFile.swift */; };
		3AD6F44D2172A90B003379D4 /* Resource.swift in Sources */ = {isa = PBXBuildFile; fileRef = 3AD6F44C2172A90B003379D4 /* Resource.swift */; };
		3AD6F4502172A96A003379D4 /* RequestErrorTests.swift in Sources */ = {isa = PBXBuildFile; fileRef = 3AD6F44E2172A96A003379D4 /* RequestErrorTests.swift */; };
		3AD6F4512172A96A003379D4 /* MockedAuthenticatingClientTests.swift in Sources */ = {isa = PBXBuildFile; fileRef = 3AD6F44F2172A96A003379D4 /* MockedAuthenticatingClientTests.swift */; };
		3AEA194B2172265B0040F347 /* AppDelegate.swift in Sources */ = {isa = PBXBuildFile; fileRef = 3AEA194A2172265B0040F347 /* AppDelegate.swift */; };
		3AEA19522172265C0040F347 /* Assets.xcassets in Resources */ = {isa = PBXBuildFile; fileRef = 3AEA19512172265C0040F347 /* Assets.xcassets */; };
		3AEA19552172265C0040F347 /* LaunchScreen.storyboard in Resources */ = {isa = PBXBuildFile; fileRef = 3AEA19532172265C0040F347 /* LaunchScreen.storyboard */; };
		3AEA19602172265C0040F347 /* tasksTests.swift in Sources */ = {isa = PBXBuildFile; fileRef = 3AEA195F2172265C0040F347 /* tasksTests.swift */; };
		3AEA1A10217288250040F347 /* AppEnvironment.swift in Sources */ = {isa = PBXBuildFile; fileRef = 3AEA1A0F217288250040F347 /* AppEnvironment.swift */; };
		3AEA1A122172882D0040F347 /* Environment.swift in Sources */ = {isa = PBXBuildFile; fileRef = 3AEA1A112172882D0040F347 /* Environment.swift */; };
		3AEA1A152172886C0040F347 /* Configuration.swift in Sources */ = {isa = PBXBuildFile; fileRef = 3AEA1A142172886C0040F347 /* Configuration.swift */; };
		3AEA1A172172887B0040F347 /* PlistConfiguration.swift in Sources */ = {isa = PBXBuildFile; fileRef = 3AEA1A162172887B0040F347 /* PlistConfiguration.swift */; };
		3AEA1A19217288940040F347 /* configuration.plist in Resources */ = {isa = PBXBuildFile; fileRef = 3AEA1A18217288940040F347 /* configuration.plist */; };
		3AEA1A1E2172894A0040F347 /* Coordinator.swift in Sources */ = {isa = PBXBuildFile; fileRef = 3AEA1A1D217289340040F347 /* Coordinator.swift */; };
		3AEA1A222172897A0040F347 /* LoginViewController.swift in Sources */ = {isa = PBXBuildFile; fileRef = 3AEA1A212172897A0040F347 /* LoginViewController.swift */; };
		3AEA1A252172898E0040F347 /* TasksViewController.swift in Sources */ = {isa = PBXBuildFile; fileRef = 3AEA1A242172898E0040F347 /* TasksViewController.swift */; };
		3AEA1A2921728A600040F347 /* PlistConfigurationTests.swift in Sources */ = {isa = PBXBuildFile; fileRef = 3AEA1A2721728A600040F347 /* PlistConfigurationTests.swift */; };
		3AEA1A2A21728A600040F347 /* PlistConfigurationTests.plist in Resources */ = {isa = PBXBuildFile; fileRef = 3AEA1A2821728A600040F347 /* PlistConfigurationTests.plist */; };
/* End PBXBuildFile section */

/* Begin PBXContainerItemProxy section */
		3AEA195C2172265C0040F347 /* PBXContainerItemProxy */ = {
			isa = PBXContainerItemProxy;
			containerPortal = 3AEA193F2172265B0040F347 /* Project object */;
			proxyType = 1;
			remoteGlobalIDString = 3AEA19462172265B0040F347;
			remoteInfo = tasks;
		};
		3AEA19672172265C0040F347 /* PBXContainerItemProxy */ = {
			isa = PBXContainerItemProxy;
			containerPortal = 3AEA193F2172265B0040F347 /* Project object */;
			proxyType = 1;
			remoteGlobalIDString = 3AEA19462172265B0040F347;
			remoteInfo = tasks;
		};
/* End PBXContainerItemProxy section */

/* Begin PBXFileReference section */
		3A057B842173591100005625 /* URLRequest+Resource.swift */ = {isa = PBXFileReference; fileEncoding = 4; lastKnownFileType = sourcecode.swift; path = "URLRequest+Resource.swift"; sourceTree = "<group>"; };
		3A057B86217361FB00005625 /* globalEnvironment.swift */ = {isa = PBXFileReference; lastKnownFileType = sourcecode.swift; path = globalEnvironment.swift; sourceTree = "<group>"; };
		3A057B8C2173777400005625 /* CustomDate.swift */ = {isa = PBXFileReference; fileEncoding = 4; lastKnownFileType = sourcecode.swift; path = CustomDate.swift; sourceTree = "<group>"; };
		3A057B8D2173777400005625 /* QueryDictionaryConvertible.swift */ = {isa = PBXFileReference; fileEncoding = 4; lastKnownFileType = sourcecode.swift; path = QueryDictionaryConvertible.swift; sourceTree = "<group>"; };
		3A057B92217378EB00005625 /* AllTasksResponseTests.swift */ = {isa = PBXFileReference; fileEncoding = 4; lastKnownFileType = sourcecode.swift; path = AllTasksResponseTests.swift; sourceTree = "<group>"; };
		3A057B93217378EB00005625 /* AllTasksResponse2.json */ = {isa = PBXFileReference; fileEncoding = 4; lastKnownFileType = text.json; path = AllTasksResponse2.json; sourceTree = "<group>"; };
		3A057B94217378EB00005625 /* AllTasksResponse.json */ = {isa = PBXFileReference; fileEncoding = 4; lastKnownFileType = text.json; path = AllTasksResponse.json; sourceTree = "<group>"; };
		3A057B95217378EB00005625 /* GetAllTasksTests.swift */ = {isa = PBXFileReference; fileEncoding = 4; lastKnownFileType = sourcecode.swift; path = GetAllTasksTests.swift; sourceTree = "<group>"; };
		3A057B96217378EB00005625 /* TasksSubQueryTests.swift */ = {isa = PBXFileReference; fileEncoding = 4; lastKnownFileType = sourcecode.swift; path = TasksSubQueryTests.swift; sourceTree = "<group>"; };
		3A057B9C2173793700005625 /* allTasks.json */ = {isa = PBXFileReference; fileEncoding = 4; lastKnownFileType = text.json; path = allTasks.json; sourceTree = "<group>"; };
		3A057BA02173796D00005625 /* TodoItem.swift */ = {isa = PBXFileReference; fileEncoding = 4; lastKnownFileType = sourcecode.swift; path = TodoItem.swift; sourceTree = "<group>"; };
		3A057BA12173796D00005625 /* Predecessor.swift */ = {isa = PBXFileReference; fileEncoding = 4; lastKnownFileType = sourcecode.swift; path = Predecessor.swift; sourceTree = "<group>"; };
		3A057BA22173796D00005625 /* Tag.swift */ = {isa = PBXFileReference; fileEncoding = 4; lastKnownFileType = sourcecode.swift; path = Tag.swift; sourceTree = "<group>"; };
		3A057BA32173796D00005625 /* AllTasksResponse.swift */ = {isa = PBXFileReference; fileEncoding = 4; lastKnownFileType = sourcecode.swift; path = AllTasksResponse.swift; sourceTree = "<group>"; };
		3A057BA52173796D00005625 /* TasksSubQuery.swift */ = {isa = PBXFileReference; fileEncoding = 4; lastKnownFileType = sourcecode.swift; path = TasksSubQuery.swift; sourceTree = "<group>"; };
		3A057BA62173796D00005625 /* GetAllTasksQuery.swift */ = {isa = PBXFileReference; fileEncoding = 4; lastKnownFileType = sourcecode.swift; path = GetAllTasksQuery.swift; sourceTree = "<group>"; };
		3A057BAD21737C9900005625 /* MockedTeamworkClientTests.swift */ = {isa = PBXFileReference; lastKnownFileType = sourcecode.swift; path = MockedTeamworkClientTests.swift; sourceTree = "<group>"; };
		3A057BAF21739C1C00005625 /* TasksInteractor.swift */ = {isa = PBXFileReference; fileEncoding = 4; lastKnownFileType = sourcecode.swift; path = TasksInteractor.swift; sourceTree = "<group>"; };
		3A057BB221739C1C00005625 /* CellType.swift */ = {isa = PBXFileReference; fileEncoding = 4; lastKnownFileType = sourcecode.swift; path = CellType.swift; sourceTree = "<group>"; };
		3A057BB321739C1C00005625 /* Cell.swift */ = {isa = PBXFileReference; fileEncoding = 4; lastKnownFileType = sourcecode.swift; path = Cell.swift; sourceTree = "<group>"; };
		3A057BB421739C1C00005625 /* CellViewType.swift */ = {isa = PBXFileReference; fileEncoding = 4; lastKnownFileType = sourcecode.swift; path = CellViewType.swift; sourceTree = "<group>"; };
		3A057BB621739C1C00005625 /* TodoCell.swift */ = {isa = PBXFileReference; fileEncoding = 4; lastKnownFileType = sourcecode.swift; path = TodoCell.swift; sourceTree = "<group>"; };
		3A057BB721739C1C00005625 /* TodoHeaderCellView.swift */ = {isa = PBXFileReference; fileEncoding = 4; lastKnownFileType = sourcecode.swift; path = TodoHeaderCellView.swift; sourceTree = "<group>"; };
		3A057BB821739C1C00005625 /* TodoCellView.swift */ = {isa = PBXFileReference; fileEncoding = 4; lastKnownFileType = sourcecode.swift; path = TodoCellView.swift; sourceTree = "<group>"; };
		3A057BB921739C1C00005625 /* TodoHeaderCell.swift */ = {isa = PBXFileReference; fileEncoding = 4; lastKnownFileType = sourcecode.swift; path = TodoHeaderCell.swift; sourceTree = "<group>"; };
		3A057BBA21739C1C00005625 /* TodoModel.swift */ = {isa = PBXFileReference; fileEncoding = 4; lastKnownFileType = sourcecode.swift; path = TodoModel.swift; sourceTree = "<group>"; };
		3A057BBC21739C1C00005625 /* CollectionDataSource.swift */ = {isa = PBXFileReference; fileEncoding = 4; lastKnownFileType = sourcecode.swift; path = CollectionDataSource.swift; sourceTree = "<group>"; };
		3A057BBD21739C1C00005625 /* Section.swift */ = {isa = PBXFileReference; fileEncoding = 4; lastKnownFileType = sourcecode.swift; path = Section.swift; sourceTree = "<group>"; };
		3A057BBE21739C1C00005625 /* CollectionViewLayout.swift */ = {isa = PBXFileReference; fileEncoding = 4; lastKnownFileType = sourcecode.swift; path = CollectionViewLayout.swift; sourceTree = "<group>"; };
		3A057BCB21739C7E00005625 /* Then.swift */ = {isa = PBXFileReference; fileEncoding = 4; lastKnownFileType = sourcecode.swift; path = Then.swift; sourceTree = "<group>"; };
		3A057BCD21739EFE00005625 /* Array+initWithTodoItems.swift */ = {isa = PBXFileReference; lastKnownFileType = sourcecode.swift; path = "Array+initWithTodoItems.swift"; sourceTree = "<group>"; };
		3A057BD12173A3B200005625 /* TaskListsResponse.swift */ = {isa = PBXFileReference; lastKnownFileType = sourcecode.swift; path = TaskListsResponse.swift; sourceTree = "<group>"; };
		3A057BD32173A48A00005625 /* TaskListsQuery.swift */ = {isa = PBXFileReference; lastKnownFileType = sourcecode.swift; path = TaskListsQuery.swift; sourceTree = "<group>"; };
		3A057BD52173A5C500005625 /* RandomValues.swift */ = {isa = PBXFileReference; lastKnownFileType = sourcecode.swift; path = RandomValues.swift; sourceTree = "<group>"; };
		3A057BD82173A7D200005625 /* TaskListsQueryTests.swift */ = {isa = PBXFileReference; fileEncoding = 4; lastKnownFileType = sourcecode.swift; path = TaskListsQueryTests.swift; sourceTree = "<group>"; };
		3A057BDB2173AADE00005625 /* TeamworkClientTests.swift */ = {isa = PBXFileReference; lastKnownFileType = sourcecode.swift; path = TeamworkClientTests.swift; sourceTree = "<group>"; };
		3A057BDD2173AB6300005625 /* teamworkClientConfiguration.plist */ = {isa = PBXFileReference; fileEncoding = 4; lastKnownFileType = text.plist.xml; path = teamworkClientConfiguration.plist; sourceTree = "<group>"; };
		3A057BDF2173B0DF00005625 /* taskListsResponse.json */ = {isa = PBXFileReference; fileEncoding = 4; lastKnownFileType = text.json; path = taskListsResponse.json; sourceTree = "<group>"; };
		3A057BE12173B10C00005625 /* TaskListsResponseTests.swift */ = {isa = PBXFileReference; fileEncoding = 4; lastKnownFileType = sourcecode.swift; path = TaskListsResponseTests.swift; sourceTree = "<group>"; };
		3AD6F3FE21728CDA003379D4 /* UserDefaultsKeyValueStore.swift */ = {isa = PBXFileReference; fileEncoding = 4; lastKnownFileType = sourcecode.swift; path = UserDefaultsKeyValueStore.swift; sourceTree = "<group>"; };
		3AD6F3FF21728CDA003379D4 /* Store.swift */ = {isa = PBXFileReference; fileEncoding = 4; lastKnownFileType = sourcecode.swift; path = Store.swift; sourceTree = "<group>"; };
		3AD6F40021728CDA003379D4 /* KeyValueStore.swift */ = {isa = PBXFileReference; fileEncoding = 4; lastKnownFileType = sourcecode.swift; path = KeyValueStore.swift; sourceTree = "<group>"; };
		3AD6F40121728CDA003379D4 /* Authentication.swift */ = {isa = PBXFileReference; fileEncoding = 4; lastKnownFileType = sourcecode.swift; path = Authentication.swift; sourceTree = "<group>"; };
		3AD6F40721728D58003379D4 /* TeamworkClient.swift */ = {isa = PBXFileReference; lastKnownFileType = sourcecode.swift; path = TeamworkClient.swift; sourceTree = "<group>"; };
		3AD6F40921728D63003379D4 /* AuthenticatingClient.swift */ = {isa = PBXFileReference; lastKnownFileType = sourcecode.swift; path = AuthenticatingClient.swift; sourceTree = "<group>"; };
		3AD6F40B21728D80003379D4 /* ApiClient.swift */ = {isa = PBXFileReference; lastKnownFileType = sourcecode.swift; path = ApiClient.swift; sourceTree = "<group>"; };
		3AD6F40E21728F1A003379D4 /* CoordinatorTests.swift */ = {isa = PBXFileReference; lastKnownFileType = sourcecode.swift; path = CoordinatorTests.swift; sourceTree = "<group>"; };
		3AD6F41221728FD0003379D4 /* UserDefaultsKeyValueStoreTests.swift */ = {isa = PBXFileReference; fileEncoding = 4; lastKnownFileType = sourcecode.swift; path = UserDefaultsKeyValueStoreTests.swift; sourceTree = "<group>"; };
		3AD6F41321728FD0003379D4 /* AuthenticationTests.swift */ = {isa = PBXFileReference; fileEncoding = 4; lastKnownFileType = sourcecode.swift; path = AuthenticationTests.swift; sourceTree = "<group>"; };
		3AD6F416217292F6003379D4 /* LoginInteractor.swift */ = {isa = PBXFileReference; fileEncoding = 4; lastKnownFileType = sourcecode.swift; path = LoginInteractor.swift; sourceTree = "<group>"; };
		3AD6F41921729658003379D4 /* XCTestCase+wait.swift */ = {isa = PBXFileReference; fileEncoding = 4; lastKnownFileType = sourcecode.swift; path = "XCTestCase+wait.swift"; sourceTree = "<group>"; };
		3AD6F41A21729658003379D4 /* LoginTests.swift */ = {isa = PBXFileReference; fileEncoding = 4; lastKnownFileType = sourcecode.swift; path = LoginTests.swift; sourceTree = "<group>"; };
		3AD6F4232172A296003379D4 /* MockURLSessionDataTask.swift */ = {isa = PBXFileReference; fileEncoding = 4; lastKnownFileType = sourcecode.swift; path = MockURLSessionDataTask.swift; sourceTree = "<group>"; };
		3AD6F4242172A296003379D4 /* MockURLSession.swift */ = {isa = PBXFileReference; fileEncoding = 4; lastKnownFileType = sourcecode.swift; path = MockURLSession.swift; sourceTree = "<group>"; };
		3AD6F4262172A296003379D4 /* token.json */ = {isa = PBXFileReference; fileEncoding = 4; lastKnownFileType = text.json; path = token.json; sourceTree = "<group>"; };
		3AD6F4272172A296003379D4 /* MockedAuthenticatingClient.swift */ = {isa = PBXFileReference; fileEncoding = 4; lastKnownFileType = sourcecode.swift; path = MockedAuthenticatingClient.swift; sourceTree = "<group>"; };
		3AD6F42C2172A2B1003379D4 /* MockedTeamworkClient.swift */ = {isa = PBXFileReference; fileEncoding = 4; lastKnownFileType = sourcecode.swift; path = MockedTeamworkClient.swift; sourceTree = "<group>"; };
		3AD6F42E2172A2DE003379D4 /* URLSessionProtocol.swift */ = {isa = PBXFileReference; fileEncoding = 4; lastKnownFileType = sourcecode.swift; path = URLSessionProtocol.swift; sourceTree = "<group>"; };
		3AD6F42F2172A2DE003379D4 /* URLSessionDataTaskProtocol.swift */ = {isa = PBXFileReference; fileEncoding = 4; lastKnownFileType = sourcecode.swift; path = URLSessionDataTaskProtocol.swift; sourceTree = "<group>"; };
		3AD6F4322172A2FC003379D4 /* ApiResultCompletion.swift */ = {isa = PBXFileReference; lastKnownFileType = sourcecode.swift; path = ApiResultCompletion.swift; sourceTree = "<group>"; };
		3AD6F4342172A314003379D4 /* RequestError.swift */ = {isa = PBXFileReference; lastKnownFileType = sourcecode.swift; path = RequestError.swift; sourceTree = "<group>"; };
		3AD6F4382172A4D6003379D4 /* AccessTokenResponse.swift */ = {isa = PBXFileReference; fileEncoding = 4; lastKnownFileType = sourcecode.swift; path = AccessTokenResponse.swift; sourceTree = "<group>"; };
		3AD6F4392172A4D6003379D4 /* User.swift */ = {isa = PBXFileReference; fileEncoding = 4; lastKnownFileType = sourcecode.swift; path = User.swift; sourceTree = "<group>"; };
		3AD6F43C2172A4FB003379D4 /* Company.swift */ = {isa = PBXFileReference; fileEncoding = 4; lastKnownFileType = sourcecode.swift; path = Company.swift; sourceTree = "<group>"; };
		3AD6F43D2172A4FB003379D4 /* Installation.swift */ = {isa = PBXFileReference; fileEncoding = 4; lastKnownFileType = sourcecode.swift; path = Installation.swift; sourceTree = "<group>"; };
		3AD6F4432172A583003379D4 /* TokenResponseTests.swift */ = {isa = PBXFileReference; lastKnownFileType = sourcecode.swift; path = TokenResponseTests.swift; sourceTree = "<group>"; };
		3AD6F4452172A5B3003379D4 /* token.json */ = {isa = PBXFileReference; fileEncoding = 4; lastKnownFileType = text.json; path = token.json; sourceTree = "<group>"; };
		3AD6F4482172A60A003379D4 /* Encodable+dumpJSON.swift */ = {isa = PBXFileReference; lastKnownFileType = sourcecode.swift; path = "Encodable+dumpJSON.swift"; sourceTree = "<group>"; };
		3AD6F44A2172A648003379D4 /* XCTestCase+decodeJsonFile.swift */ = {isa = PBXFileReference; fileEncoding = 4; lastKnownFileType = sourcecode.swift; path = "XCTestCase+decodeJsonFile.swift"; sourceTree = "<group>"; };
		3AD6F44C2172A90B003379D4 /* Resource.swift */ = {isa = PBXFileReference; fileEncoding = 4; lastKnownFileType = sourcecode.swift; path = Resource.swift; sourceTree = "<group>"; };
		3AD6F44E2172A96A003379D4 /* RequestErrorTests.swift */ = {isa = PBXFileReference; fileEncoding = 4; lastKnownFileType = sourcecode.swift; path = RequestErrorTests.swift; sourceTree = "<group>"; };
		3AD6F44F2172A96A003379D4 /* MockedAuthenticatingClientTests.swift */ = {isa = PBXFileReference; fileEncoding = 4; lastKnownFileType = sourcecode.swift; path = MockedAuthenticatingClientTests.swift; sourceTree = "<group>"; };
		3AEA19472172265B0040F347 /* Tasks.app */ = {isa = PBXFileReference; explicitFileType = wrapper.application; includeInIndex = 0; path = Tasks.app; sourceTree = BUILT_PRODUCTS_DIR; };
		3AEA194A2172265B0040F347 /* AppDelegate.swift */ = {isa = PBXFileReference; lastKnownFileType = sourcecode.swift; path = AppDelegate.swift; sourceTree = "<group>"; };
		3AEA19512172265C0040F347 /* Assets.xcassets */ = {isa = PBXFileReference; lastKnownFileType = folder.assetcatalog; path = Assets.xcassets; sourceTree = "<group>"; };
		3AEA19542172265C0040F347 /* Base */ = {isa = PBXFileReference; lastKnownFileType = file.storyboard; name = Base; path = Base.lproj/LaunchScreen.storyboard; sourceTree = "<group>"; };
		3AEA19562172265C0040F347 /* Info.plist */ = {isa = PBXFileReference; lastKnownFileType = text.plist.xml; path = Info.plist; sourceTree = "<group>"; };
		3AEA195B2172265C0040F347 /* tasksTests.xctest */ = {isa = PBXFileReference; explicitFileType = wrapper.cfbundle; includeInIndex = 0; path = tasksTests.xctest; sourceTree = BUILT_PRODUCTS_DIR; };
		3AEA195F2172265C0040F347 /* tasksTests.swift */ = {isa = PBXFileReference; lastKnownFileType = sourcecode.swift; path = tasksTests.swift; sourceTree = "<group>"; };
		3AEA19612172265C0040F347 /* Info.plist */ = {isa = PBXFileReference; lastKnownFileType = text.plist.xml; path = Info.plist; sourceTree = "<group>"; };
		3AEA19662172265C0040F347 /* tasksUITests.xctest */ = {isa = PBXFileReference; explicitFileType = wrapper.cfbundle; includeInIndex = 0; path = tasksUITests.xctest; sourceTree = BUILT_PRODUCTS_DIR; };
		3AEA196C2172265C0040F347 /* Info.plist */ = {isa = PBXFileReference; lastKnownFileType = text.plist.xml; path = Info.plist; sourceTree = "<group>"; };
		3AEA198021722A6B0040F347 /* README.md */ = {isa = PBXFileReference; lastKnownFileType = net.daringfireball.markdown; path = README.md; sourceTree = "<group>"; };
		3AEA1A0F217288250040F347 /* AppEnvironment.swift */ = {isa = PBXFileReference; lastKnownFileType = sourcecode.swift; path = AppEnvironment.swift; sourceTree = "<group>"; };
		3AEA1A112172882D0040F347 /* Environment.swift */ = {isa = PBXFileReference; lastKnownFileType = sourcecode.swift; path = Environment.swift; sourceTree = "<group>"; };
		3AEA1A142172886C0040F347 /* Configuration.swift */ = {isa = PBXFileReference; lastKnownFileType = sourcecode.swift; path = Configuration.swift; sourceTree = "<group>"; };
		3AEA1A162172887B0040F347 /* PlistConfiguration.swift */ = {isa = PBXFileReference; lastKnownFileType = sourcecode.swift; path = PlistConfiguration.swift; sourceTree = "<group>"; };
		3AEA1A18217288940040F347 /* configuration.plist */ = {isa = PBXFileReference; lastKnownFileType = text.plist; path = configuration.plist; sourceTree = "<group>"; };
		3AEA1A1B217288BB0040F347 /* project.txt */ = {isa = PBXFileReference; lastKnownFileType = text; path = project.txt; sourceTree = "<group>"; };
		3AEA1A1D217289340040F347 /* Coordinator.swift */ = {isa = PBXFileReference; lastKnownFileType = sourcecode.swift; path = Coordinator.swift; sourceTree = "<group>"; };
		3AEA1A212172897A0040F347 /* LoginViewController.swift */ = {isa = PBXFileReference; lastKnownFileType = sourcecode.swift; path = LoginViewController.swift; sourceTree = "<group>"; };
		3AEA1A242172898E0040F347 /* TasksViewController.swift */ = {isa = PBXFileReference; lastKnownFileType = sourcecode.swift; path = TasksViewController.swift; sourceTree = "<group>"; };
		3AEA1A2721728A600040F347 /* PlistConfigurationTests.swift */ = {isa = PBXFileReference; fileEncoding = 4; lastKnownFileType = sourcecode.swift; path = PlistConfigurationTests.swift; sourceTree = "<group>"; };
		3AEA1A2821728A600040F347 /* PlistConfigurationTests.plist */ = {isa = PBXFileReference; fileEncoding = 4; lastKnownFileType = text.plist.xml; path = PlistConfigurationTests.plist; sourceTree = "<group>"; };
/* End PBXFileReference section */

/* Begin PBXFrameworksBuildPhase section */
		3AEA19442172265B0040F347 /* Frameworks */ = {
			isa = PBXFrameworksBuildPhase;
			buildActionMask = 2147483647;
			files = (
			);
			runOnlyForDeploymentPostprocessing = 0;
		};
		3AEA19582172265C0040F347 /* Frameworks */ = {
			isa = PBXFrameworksBuildPhase;
			buildActionMask = 2147483647;
			files = (
			);
			runOnlyForDeploymentPostprocessing = 0;
		};
		3AEA19632172265C0040F347 /* Frameworks */ = {
			isa = PBXFrameworksBuildPhase;
			buildActionMask = 2147483647;
			files = (
			);
			runOnlyForDeploymentPostprocessing = 0;
		};
/* End PBXFrameworksBuildPhase section */

/* Begin PBXGroup section */
		3A057B8B2173777400005625 /* query */ = {
			isa = PBXGroup;
			children = (
				3A057B8C2173777400005625 /* CustomDate.swift */,
				3A057B8D2173777400005625 /* QueryDictionaryConvertible.swift */,
			);
			path = query;
			sourceTree = "<group>";
		};
		3A057B902173778400005625 /* client */ = {
			isa = PBXGroup;
			children = (
				3A057B8B2173777400005625 /* query */,
				3AD6F42F2172A2DE003379D4 /* URLSessionDataTaskProtocol.swift */,
				3AD6F42E2172A2DE003379D4 /* URLSessionProtocol.swift */,
				3AD6F40B21728D80003379D4 /* ApiClient.swift */,
				3AD6F44C2172A90B003379D4 /* Resource.swift */,
				3A057B842173591100005625 /* URLRequest+Resource.swift */,
				3AD6F4322172A2FC003379D4 /* ApiResultCompletion.swift */,
				3AD6F4342172A314003379D4 /* RequestError.swift */,
			);
			path = client;
			sourceTree = "<group>";
		};
		3A057B91217378EB00005625 /* allTasks */ = {
			isa = PBXGroup;
			children = (
				3A057B92217378EB00005625 /* AllTasksResponseTests.swift */,
				3A057B93217378EB00005625 /* AllTasksResponse2.json */,
				3A057B94217378EB00005625 /* AllTasksResponse.json */,
				3A057B95217378EB00005625 /* GetAllTasksTests.swift */,
				3A057B96217378EB00005625 /* TasksSubQueryTests.swift */,
			);
			path = allTasks;
			sourceTree = "<group>";
		};
		3A057B9E2173796D00005625 /* allTasks */ = {
			isa = PBXGroup;
			children = (
				3A057B9F2173796D00005625 /* response */,
				3A057BA42173796D00005625 /* query */,
			);
			path = allTasks;
			sourceTree = "<group>";
		};
		3A057B9F2173796D00005625 /* response */ = {
			isa = PBXGroup;
			children = (
				3A057BA02173796D00005625 /* TodoItem.swift */,
				3A057BA12173796D00005625 /* Predecessor.swift */,
				3A057BA22173796D00005625 /* Tag.swift */,
				3A057BA32173796D00005625 /* AllTasksResponse.swift */,
			);
			path = response;
			sourceTree = "<group>";
		};
		3A057BA42173796D00005625 /* query */ = {
			isa = PBXGroup;
			children = (
				3A057BA52173796D00005625 /* TasksSubQuery.swift */,
				3A057BA62173796D00005625 /* GetAllTasksQuery.swift */,
			);
			path = query;
			sourceTree = "<group>";
		};
		3A057BB021739C1C00005625 /* cells */ = {
			isa = PBXGroup;
			children = (
				3A057BB121739C1C00005625 /* cellType */,
				3A057BB521739C1C00005625 /* todo */,
			);
			path = cells;
			sourceTree = "<group>";
		};
		3A057BB121739C1C00005625 /* cellType */ = {
			isa = PBXGroup;
			children = (
				3A057BB221739C1C00005625 /* CellType.swift */,
				3A057BB321739C1C00005625 /* Cell.swift */,
				3A057BB421739C1C00005625 /* CellViewType.swift */,
			);
			path = cellType;
			sourceTree = "<group>";
		};
		3A057BB521739C1C00005625 /* todo */ = {
			isa = PBXGroup;
			children = (
				3A057BB621739C1C00005625 /* TodoCell.swift */,
				3A057BB721739C1C00005625 /* TodoHeaderCellView.swift */,
				3A057BB821739C1C00005625 /* TodoCellView.swift */,
				3A057BB921739C1C00005625 /* TodoHeaderCell.swift */,
				3A057BBA21739C1C00005625 /* TodoModel.swift */,
			);
			path = todo;
			sourceTree = "<group>";
		};
		3A057BBB21739C1C00005625 /* datasource */ = {
			isa = PBXGroup;
			children = (
				3A057BBC21739C1C00005625 /* CollectionDataSource.swift */,
				3A057BBD21739C1C00005625 /* Section.swift */,
			);
			path = datasource;
			sourceTree = "<group>";
		};
		3A057BCF2173A38D00005625 /* taskLists */ = {
			isa = PBXGroup;
			children = (
				3A057BD12173A3B200005625 /* TaskListsResponse.swift */,
				3A057BD32173A48A00005625 /* TaskListsQuery.swift */,
			);
			path = taskLists;
			sourceTree = "<group>";
		};
		3A057BD72173A75C00005625 /* tasklists */ = {
			isa = PBXGroup;
			children = (
				3A057BDF2173B0DF00005625 /* taskListsResponse.json */,
				3A057BE12173B10C00005625 /* TaskListsResponseTests.swift */,
				3A057BD82173A7D200005625 /* TaskListsQueryTests.swift */,
			);
			path = tasklists;
			sourceTree = "<group>";
		};
		3A057BDA2173AAA600005625 /* mocks */ = {
			isa = PBXGroup;
			children = (
				3A057BAD21737C9900005625 /* MockedTeamworkClientTests.swift */,
			);
			path = mocks;
			sourceTree = "<group>";
		};
		3AD6F3FC21728CDA003379D4 /* persistence */ = {
			isa = PBXGroup;
			children = (
				3AD6F3FD21728CDA003379D4 /* userdefaults */,
				3AD6F40121728CDA003379D4 /* Authentication.swift */,
			);
			path = persistence;
			sourceTree = "<group>";
		};
		3AD6F3FD21728CDA003379D4 /* userdefaults */ = {
			isa = PBXGroup;
			children = (
				3AD6F3FE21728CDA003379D4 /* UserDefaultsKeyValueStore.swift */,
				3AD6F3FF21728CDA003379D4 /* Store.swift */,
				3AD6F40021728CDA003379D4 /* KeyValueStore.swift */,
			);
			path = userdefaults;
			sourceTree = "<group>";
		};
		3AD6F40621728D2E003379D4 /* network */ = {
			isa = PBXGroup;
			children = (
				3A057B902173778400005625 /* client */,
				3AD6F4362172A4AB003379D4 /* endpoints */,
				3AD6F41D2172A1E4003379D4 /* mocks */,
				3AD6F40721728D58003379D4 /* TeamworkClient.swift */,
				3AD6F40921728D63003379D4 /* AuthenticatingClient.swift */,
			);
			path = network;
			sourceTree = "<group>";
		};
		3AD6F40D21728F0D003379D4 /* screens */ = {
			isa = PBXGroup;
			children = (
				3AD6F40E21728F1A003379D4 /* CoordinatorTests.swift */,
			);
			path = screens;
			sourceTree = "<group>";
		};
		3AD6F41121728FD0003379D4 /* persistence */ = {
			isa = PBXGroup;
			children = (
				3AD6F41221728FD0003379D4 /* UserDefaultsKeyValueStoreTests.swift */,
				3AD6F41321728FD0003379D4 /* AuthenticationTests.swift */,
			);
			path = persistence;
			sourceTree = "<group>";
		};
		3AD6F41821729658003379D4 /* login */ = {
			isa = PBXGroup;
			children = (
				3AD6F41921729658003379D4 /* XCTestCase+wait.swift */,
				3AD6F41A21729658003379D4 /* LoginTests.swift */,
			);
			path = login;
			sourceTree = "<group>";
		};
		3AD6F41D2172A1E4003379D4 /* mocks */ = {
			isa = PBXGroup;
			children = (
				3AD6F4252172A296003379D4 /* authenticatingClient */,
				3AD6F4222172A296003379D4 /* teamworkClient */,
				3AD6F4242172A296003379D4 /* MockURLSession.swift */,
				3AD6F4232172A296003379D4 /* MockURLSessionDataTask.swift */,
			);
			path = mocks;
			sourceTree = "<group>";
		};
		3AD6F4222172A296003379D4 /* teamworkClient */ = {
			isa = PBXGroup;
			children = (
				3A057B9C2173793700005625 /* allTasks.json */,
				3AD6F42C2172A2B1003379D4 /* MockedTeamworkClient.swift */,
			);
			path = teamworkClient;
			sourceTree = "<group>";
		};
		3AD6F4252172A296003379D4 /* authenticatingClient */ = {
			isa = PBXGroup;
			children = (
				3AD6F4262172A296003379D4 /* token.json */,
				3AD6F4272172A296003379D4 /* MockedAuthenticatingClient.swift */,
			);
			path = authenticatingClient;
			sourceTree = "<group>";
		};
		3AD6F4362172A4AB003379D4 /* endpoints */ = {
			isa = PBXGroup;
			children = (
				3A057BCF2173A38D00005625 /* taskLists */,
				3A057B9E2173796D00005625 /* allTasks */,
				3AD6F4372172A4BC003379D4 /* accessToken */,
			);
			path = endpoints;
			sourceTree = "<group>";
		};
		3AD6F4372172A4BC003379D4 /* accessToken */ = {
			isa = PBXGroup;
			children = (
				3AD6F4382172A4D6003379D4 /* AccessTokenResponse.swift */,
				3AD6F43C2172A4FB003379D4 /* Company.swift */,
				3AD6F43D2172A4FB003379D4 /* Installation.swift */,
				3AD6F4392172A4D6003379D4 /* User.swift */,
			);
			path = accessToken;
			sourceTree = "<group>";
		};
		3AD6F4402172A563003379D4 /* network */ = {
			isa = PBXGroup;
			children = (
				3AD6F4412172A56A003379D4 /* endpoints */,
				3A057BDA2173AAA600005625 /* mocks */,
				3A057BDD2173AB6300005625 /* teamworkClientConfiguration.plist */,
				3AD6F44F2172A96A003379D4 /* MockedAuthenticatingClientTests.swift */,
				3AD6F44E2172A96A003379D4 /* RequestErrorTests.swift */,
				3A057BDB2173AADE00005625 /* TeamworkClientTests.swift */,
			);
			path = network;
			sourceTree = "<group>";
		};
		3AD6F4412172A56A003379D4 /* endpoints */ = {
			isa = PBXGroup;
			children = (
				3A057BD72173A75C00005625 /* tasklists */,
				3A057B91217378EB00005625 /* allTasks */,
				3AD6F4422172A56F003379D4 /* accessToken */,
				3AD6F44A2172A648003379D4 /* XCTestCase+decodeJsonFile.swift */,
			);
			path = endpoints;
			sourceTree = "<group>";
		};
		3AD6F4422172A56F003379D4 /* accessToken */ = {
			isa = PBXGroup;
			children = (
				3AD6F4452172A5B3003379D4 /* token.json */,
				3AD6F4432172A583003379D4 /* TokenResponseTests.swift */,
			);
			path = accessToken;
			sourceTree = "<group>";
		};
		3AD6F4472172A5EB003379D4 /* extensions */ = {
			isa = PBXGroup;
			children = (
				3A057BCB21739C7E00005625 /* Then.swift */,
				3AD6F4482172A60A003379D4 /* Encodable+dumpJSON.swift */,
			);
			path = extensions;
			sourceTree = "<group>";
		};
		3AEA193E2172265B0040F347 = {
			isa = PBXGroup;
			children = (
				3AEA1A1A217288BB0040F347 /* project */,
				3AEA1978217226660040F347 /* sources */,
				3AEA197C217226950040F347 /* targets */,
				3AEA19482172265B0040F347 /* Products */,
				3AEA198021722A6B0040F347 /* README.md */,
			);
			sourceTree = "<group>";
		};
		3AEA19482172265B0040F347 /* Products */ = {
			isa = PBXGroup;
			children = (
				3AEA19472172265B0040F347 /* Tasks.app */,
				3AEA195B2172265C0040F347 /* tasksTests.xctest */,
				3AEA19662172265C0040F347 /* tasksUITests.xctest */,
			);
			name = Products;
			sourceTree = "<group>";
		};
		3AEA1978217226660040F347 /* sources */ = {
			isa = PBXGroup;
			children = (
				3AEA19792172266B0040F347 /* main */,
				3AEA197A217226700040F347 /* tests */,
				3AEA197B217226730040F347 /* uitests */,
			);
			path = sources;
			sourceTree = "<group>";
		};
		3AEA19792172266B0040F347 /* main */ = {
			isa = PBXGroup;
			children = (
				3AD6F4472172A5EB003379D4 /* extensions */,
				3AD6F40621728D2E003379D4 /* network */,
				3AD6F3FC21728CDA003379D4 /* persistence */,
				3AEA1A132172884F0040F347 /* configuration */,
				3AEA1A0E217288180040F347 /* environment */,
				3AEA1A0D2172874A0040F347 /* screens */,
				3AEA19512172265C0040F347 /* Assets.xcassets */,
				3AEA194A2172265B0040F347 /* AppDelegate.swift */,
				3AEA19532172265C0040F347 /* LaunchScreen.storyboard */,
			);
			path = main;
			sourceTree = "<group>";
		};
		3AEA197A217226700040F347 /* tests */ = {
			isa = PBXGroup;
			children = (
				3AD6F4402172A563003379D4 /* network */,
				3AD6F41121728FD0003379D4 /* persistence */,
				3AD6F40D21728F0D003379D4 /* screens */,
				3AEA1A2621728A400040F347 /* configuration */,
				3AEA195F2172265C0040F347 /* tasksTests.swift */,
				3A057BD52173A5C500005625 /* RandomValues.swift */,
			);
			path = tests;
			sourceTree = "<group>";
		};
		3AEA197B217226730040F347 /* uitests */ = {
			isa = PBXGroup;
			children = (
				3AD6F41821729658003379D4 /* login */,
			);
			path = uitests;
			sourceTree = "<group>";
		};
		3AEA197C217226950040F347 /* targets */ = {
			isa = PBXGroup;
			children = (
				3AEA197D217226950040F347 /* uitests */,
				3AEA197E217226950040F347 /* tests */,
				3AEA197F217226950040F347 /* main */,
			);
			path = targets;
			sourceTree = "<group>";
		};
		3AEA197D217226950040F347 /* uitests */ = {
			isa = PBXGroup;
			children = (
				3AEA196C2172265C0040F347 /* Info.plist */,
			);
			path = uitests;
			sourceTree = "<group>";
		};
		3AEA197E217226950040F347 /* tests */ = {
			isa = PBXGroup;
			children = (
				3AEA19612172265C0040F347 /* Info.plist */,
			);
			path = tests;
			sourceTree = "<group>";
		};
		3AEA197F217226950040F347 /* main */ = {
			isa = PBXGroup;
			children = (
				3AEA19562172265C0040F347 /* Info.plist */,
			);
			path = main;
			sourceTree = "<group>";
		};
		3AEA1A0D2172874A0040F347 /* screens */ = {
			isa = PBXGroup;
			children = (
				3AEA1A20217289730040F347 /* tasks */,
				3AEA1A1F2172896E0040F347 /* login */,
				3AEA1A1D217289340040F347 /* Coordinator.swift */,
			);
			path = screens;
			sourceTree = "<group>";
		};
		3AEA1A0E217288180040F347 /* environment */ = {
			isa = PBXGroup;
			children = (
				3AEA1A0F217288250040F347 /* AppEnvironment.swift */,
				3AEA1A112172882D0040F347 /* Environment.swift */,
				3A057B86217361FB00005625 /* globalEnvironment.swift */,
			);
			path = environment;
			sourceTree = "<group>";
		};
		3AEA1A132172884F0040F347 /* configuration */ = {
			isa = PBXGroup;
			children = (
				3AEA1A142172886C0040F347 /* Configuration.swift */,
				3AEA1A162172887B0040F347 /* PlistConfiguration.swift */,
				3AEA1A18217288940040F347 /* configuration.plist */,
			);
			path = configuration;
			sourceTree = "<group>";
		};
		3AEA1A1A217288BB0040F347 /* project */ = {
			isa = PBXGroup;
			children = (
				3AEA1A1B217288BB0040F347 /* project.txt */,
			);
			path = project;
			sourceTree = "<group>";
		};
		3AEA1A1F2172896E0040F347 /* login */ = {
			isa = PBXGroup;
			children = (
				3AD6F416217292F6003379D4 /* LoginInteractor.swift */,
				3AEA1A212172897A0040F347 /* LoginViewController.swift */,
			);
			path = login;
			sourceTree = "<group>";
		};
		3AEA1A20217289730040F347 /* tasks */ = {
			isa = PBXGroup;
			children = (
				3A057BB021739C1C00005625 /* cells */,
				3A057BBB21739C1C00005625 /* datasource */,
				3A057BBE21739C1C00005625 /* CollectionViewLayout.swift */,
				3A057BAF21739C1C00005625 /* TasksInteractor.swift */,
				3AEA1A242172898E0040F347 /* TasksViewController.swift */,
				3A057BCD21739EFE00005625 /* Array+initWithTodoItems.swift */,
			);
			path = tasks;
			sourceTree = "<group>";
		};
		3AEA1A2621728A400040F347 /* configuration */ = {
			isa = PBXGroup;
			children = (
				3AEA1A2821728A600040F347 /* PlistConfigurationTests.plist */,
				3AEA1A2721728A600040F347 /* PlistConfigurationTests.swift */,
			);
			path = configuration;
			sourceTree = "<group>";
		};
/* End PBXGroup section */

/* Begin PBXNativeTarget section */
		3AEA19462172265B0040F347 /* Tasks */ = {
			isa = PBXNativeTarget;
			buildConfigurationList = 3AEA196F2172265C0040F347 /* Build configuration list for PBXNativeTarget "Tasks" */;
			buildPhases = (
				3AEA19432172265B0040F347 /* Sources */,
				3AEA19442172265B0040F347 /* Frameworks */,
				3AEA19452172265B0040F347 /* Resources */,
			);
			buildRules = (
			);
			dependencies = (
			);
			name = Tasks;
			productName = tasks;
			productReference = 3AEA19472172265B0040F347 /* Tasks.app */;
			productType = "com.apple.product-type.application";
		};
		3AEA195A2172265C0040F347 /* tasksTests */ = {
			isa = PBXNativeTarget;
			buildConfigurationList = 3AEA19722172265C0040F347 /* Build configuration list for PBXNativeTarget "tasksTests" */;
			buildPhases = (
				3AEA19572172265C0040F347 /* Sources */,
				3AEA19582172265C0040F347 /* Frameworks */,
				3AEA19592172265C0040F347 /* Resources */,
			);
			buildRules = (
			);
			dependencies = (
				3AEA195D2172265C0040F347 /* PBXTargetDependency */,
			);
			name = tasksTests;
			productName = tasksTests;
			productReference = 3AEA195B2172265C0040F347 /* tasksTests.xctest */;
			productType = "com.apple.product-type.bundle.unit-test";
		};
		3AEA19652172265C0040F347 /* tasksUITests */ = {
			isa = PBXNativeTarget;
			buildConfigurationList = 3AEA19752172265C0040F347 /* Build configuration list for PBXNativeTarget "tasksUITests" */;
			buildPhases = (
				3AEA19622172265C0040F347 /* Sources */,
				3AEA19632172265C0040F347 /* Frameworks */,
				3AEA19642172265C0040F347 /* Resources */,
			);
			buildRules = (
			);
			dependencies = (
				3AEA19682172265C0040F347 /* PBXTargetDependency */,
			);
			name = tasksUITests;
			productName = tasksUITests;
			productReference = 3AEA19662172265C0040F347 /* tasksUITests.xctest */;
			productType = "com.apple.product-type.bundle.ui-testing";
		};
/* End PBXNativeTarget section */

/* Begin PBXProject section */
		3AEA193F2172265B0040F347 /* Project object */ = {
			isa = PBXProject;
			attributes = {
				LastSwiftUpdateCheck = 1000;
				LastUpgradeCheck = 1000;
				ORGANIZATIONNAME = Me;
				TargetAttributes = {
					3AEA19462172265B0040F347 = {
						CreatedOnToolsVersion = 10.0;
					};
					3AEA195A2172265C0040F347 = {
						CreatedOnToolsVersion = 10.0;
						TestTargetID = 3AEA19462172265B0040F347;
					};
					3AEA19652172265C0040F347 = {
						CreatedOnToolsVersion = 10.0;
						TestTargetID = 3AEA19462172265B0040F347;
					};
				};
			};
			buildConfigurationList = 3AEA19422172265B0040F347 /* Build configuration list for PBXProject "tasks" */;
			compatibilityVersion = "Xcode 9.3";
			developmentRegion = en;
			hasScannedForEncodings = 0;
			knownRegions = (
				en,
				Base,
			);
			mainGroup = 3AEA193E2172265B0040F347;
			productRefGroup = 3AEA19482172265B0040F347 /* Products */;
			projectDirPath = "";
			projectRoot = "";
			targets = (
				3AEA19462172265B0040F347 /* Tasks */,
				3AEA195A2172265C0040F347 /* tasksTests */,
				3AEA19652172265C0040F347 /* tasksUITests */,
			);
		};
/* End PBXProject section */

/* Begin PBXResourcesBuildPhase section */
		3AEA19452172265B0040F347 /* Resources */ = {
			isa = PBXResourcesBuildPhase;
			buildActionMask = 2147483647;
			files = (
				3AEA19552172265C0040F347 /* LaunchScreen.storyboard in Resources */,
				3AEA1A19217288940040F347 /* configuration.plist in Resources */,
				3AEA19522172265C0040F347 /* Assets.xcassets in Resources */,
				3AD6F42A2172A296003379D4 /* token.json in Resources */,
				3A057B9D2173793700005625 /* allTasks.json in Resources */,
			);
			runOnlyForDeploymentPostprocessing = 0;
		};
		3AEA19592172265C0040F347 /* Resources */ = {
			isa = PBXResourcesBuildPhase;
			buildActionMask = 2147483647;
			files = (
				3A057BE02173B0DF00005625 /* taskListsResponse.json in Resources */,
				3A057BDE2173AB6300005625 /* teamworkClientConfiguration.plist in Resources */,
				3AEA1A2A21728A600040F347 /* PlistConfigurationTests.plist in Resources */,
				3AD6F4462172A5B3003379D4 /* token.json in Resources */,
				3A057B98217378EB00005625 /* AllTasksResponse2.json in Resources */,
				3A057B99217378EB00005625 /* AllTasksResponse.json in Resources */,
			);
			runOnlyForDeploymentPostprocessing = 0;
		};
		3AEA19642172265C0040F347 /* Resources */ = {
			isa = PBXResourcesBuildPhase;
			buildActionMask = 2147483647;
			files = (
			);
			runOnlyForDeploymentPostprocessing = 0;
		};
/* End PBXResourcesBuildPhase section */

/* Begin PBXSourcesBuildPhase section */
		3AEA19432172265B0040F347 /* Sources */ = {
			isa = PBXSourcesBuildPhase;
			buildActionMask = 2147483647;
			files = (
				3A057BD22173A3B200005625 /* TaskListsResponse.swift in Sources */,
				3A057BC921739C1C00005625 /* Section.swift in Sources */,
				3A057BA72173796E00005625 /* TodoItem.swift in Sources */,
				3A057BA92173796E00005625 /* Tag.swift in Sources */,
				3AD6F43B2172A4D6003379D4 /* User.swift in Sources */,
				3AD6F4302172A2DE003379D4 /* URLSessionProtocol.swift in Sources */,
				3AD6F40421728CDA003379D4 /* KeyValueStore.swift in Sources */,
				3A057BC721739C1C00005625 /* TodoModel.swift in Sources */,
				3AD6F44D2172A90B003379D4 /* Resource.swift in Sources */,
				3AEA1A222172897A0040F347 /* LoginViewController.swift in Sources */,
				3A057BAA2173796E00005625 /* AllTasksResponse.swift in Sources */,
				3A057BC521739C1C00005625 /* TodoCellView.swift in Sources */,
				3AD6F40A21728D63003379D4 /* AuthenticatingClient.swift in Sources */,
				3AD6F4282172A296003379D4 /* MockURLSessionDataTask.swift in Sources */,
				3AEA1A252172898E0040F347 /* TasksViewController.swift in Sources */,
				3A057BC421739C1C00005625 /* TodoHeaderCellView.swift in Sources */,
				3AD6F417217292F6003379D4 /* LoginInteractor.swift in Sources */,
				3A057BC621739C1C00005625 /* TodoHeaderCell.swift in Sources */,
				3AD6F4332172A2FC003379D4 /* ApiResultCompletion.swift in Sources */,
				3A057BC321739C1C00005625 /* TodoCell.swift in Sources */,
				3AD6F4352172A314003379D4 /* RequestError.swift in Sources */,
				3AD6F4292172A296003379D4 /* MockURLSession.swift in Sources */,
				3AD6F4492172A60A003379D4 /* Encodable+dumpJSON.swift in Sources */,
				3AD6F40221728CDA003379D4 /* UserDefaultsKeyValueStore.swift in Sources */,
				3A057B852173591200005625 /* URLRequest+Resource.swift in Sources */,
				3AEA194B2172265B0040F347 /* AppDelegate.swift in Sources */,
				3A057BC821739C1C00005625 /* CollectionDataSource.swift in Sources */,
				3AEA1A172172887B0040F347 /* PlistConfiguration.swift in Sources */,
				3AD6F40321728CDA003379D4 /* Store.swift in Sources */,
				3A057B8F2173777400005625 /* QueryDictionaryConvertible.swift in Sources */,
				3A057BC221739C1C00005625 /* CellViewType.swift in Sources */,
				3AD6F43F2172A4FB003379D4 /* Installation.swift in Sources */,
				3AEA1A1E2172894A0040F347 /* Coordinator.swift in Sources */,
				3AD6F40821728D58003379D4 /* TeamworkClient.swift in Sources */,
				3A057BC021739C1C00005625 /* CellType.swift in Sources */,
				3AEA1A122172882D0040F347 /* Environment.swift in Sources */,
				3AEA1A152172886C0040F347 /* Configuration.swift in Sources */,
				3A057BC121739C1C00005625 /* Cell.swift in Sources */,
				3AEA1A10217288250040F347 /* AppEnvironment.swift in Sources */,
				3A057BCC21739C7E00005625 /* Then.swift in Sources */,
				3A057B87217361FB00005625 /* globalEnvironment.swift in Sources */,
				3AD6F43E2172A4FB003379D4 /* Company.swift in Sources */,
				3A057BAC2173796E00005625 /* GetAllTasksQuery.swift in Sources */,
				3AD6F40521728CDA003379D4 /* Authentication.swift in Sources */,
				3A057BBF21739C1C00005625 /* TasksInteractor.swift in Sources */,
				3A057BCE21739EFE00005625 /* Array+initWithTodoItems.swift in Sources */,
				3A057BAB2173796E00005625 /* TasksSubQuery.swift in Sources */,
				3A057BD42173A48A00005625 /* TaskListsQuery.swift in Sources */,
				3AD6F42D2172A2B1003379D4 /* MockedTeamworkClient.swift in Sources */,
				3AD6F42B2172A296003379D4 /* MockedAuthenticatingClient.swift in Sources */,
				3AD6F43A2172A4D6003379D4 /* AccessTokenResponse.swift in Sources */,
				3A057B8E2173777400005625 /* CustomDate.swift in Sources */,
				3AD6F4312172A2DE003379D4 /* URLSessionDataTaskProtocol.swift in Sources */,
				3AD6F40C21728D80003379D4 /* ApiClient.swift in Sources */,
				3A057BCA21739C1C00005625 /* CollectionViewLayout.swift in Sources */,
				3A057BA82173796E00005625 /* Predecessor.swift in Sources */,
			);
			runOnlyForDeploymentPostprocessing = 0;
		};
		3AEA19572172265C0040F347 /* Sources */ = {
			isa = PBXSourcesBuildPhase;
			buildActionMask = 2147483647;
			files = (
				3A057BDC2173AADE00005625 /* TeamworkClientTests.swift in Sources */,
				3A057BD62173A5C500005625 /* RandomValues.swift in Sources */,
				3AD6F4502172A96A003379D4 /* RequestErrorTests.swift in Sources */,
				3AD6F41421728FD0003379D4 /* UserDefaultsKeyValueStoreTests.swift in Sources */,
				3A057BAE21737C9900005625 /* MockedTeamworkClientTests.swift in Sources */,
				3A057B9A217378EB00005625 /* GetAllTasksTests.swift in Sources */,
				3AEA19602172265C0040F347 /* tasksTests.swift in Sources */,
				3AEA1A2921728A600040F347 /* PlistConfigurationTests.swift in Sources */,
				3AD6F41521728FD0003379D4 /* AuthenticationTests.swift in Sources */,
				3AD6F4442172A583003379D4 /* TokenResponseTests.swift in Sources */,
				3A057BD92173A7D200005625 /* TaskListsQueryTests.swift in Sources */,
				3AD6F44B2172A648003379D4 /* XCTestCase+decodeJsonFile.swift in Sources */,
				3A057B9B217378EB00005625 /* TasksSubQueryTests.swift in Sources */,
				3A057B97217378EB00005625 /* AllTasksResponseTests.swift in Sources */,
				3AD6F4512172A96A003379D4 /* MockedAuthenticatingClientTests.swift in Sources */,
				3AD6F41021728F22003379D4 /* CoordinatorTests.swift in Sources */,
				3A057BE22173B10C00005625 /* TaskListsResponseTests.swift in Sources */,
			);
			runOnlyForDeploymentPostprocessing = 0;
		};
		3AEA19622172265C0040F347 /* Sources */ = {
			isa = PBXSourcesBuildPhase;
			buildActionMask = 2147483647;
			files = (
				3AD6F41B21729658003379D4 /* XCTestCase+wait.swift in Sources */,
				3AD6F41C21729658003379D4 /* LoginTests.swift in Sources */,
			);
			runOnlyForDeploymentPostprocessing = 0;
		};
/* End PBXSourcesBuildPhase section */

/* Begin PBXTargetDependency section */
		3AEA195D2172265C0040F347 /* PBXTargetDependency */ = {
			isa = PBXTargetDependency;
			target = 3AEA19462172265B0040F347 /* Tasks */;
			targetProxy = 3AEA195C2172265C0040F347 /* PBXContainerItemProxy */;
		};
		3AEA19682172265C0040F347 /* PBXTargetDependency */ = {
			isa = PBXTargetDependency;
			target = 3AEA19462172265B0040F347 /* Tasks */;
			targetProxy = 3AEA19672172265C0040F347 /* PBXContainerItemProxy */;
		};
/* End PBXTargetDependency section */

/* Begin PBXVariantGroup section */
		3AEA19532172265C0040F347 /* LaunchScreen.storyboard */ = {
			isa = PBXVariantGroup;
			children = (
				3AEA19542172265C0040F347 /* Base */,
			);
			name = LaunchScreen.storyboard;
			sourceTree = "<group>";
		};
/* End PBXVariantGroup section */

/* Begin XCBuildConfiguration section */
		3AEA196D2172265C0040F347 /* Debug */ = {
			isa = XCBuildConfiguration;
			buildSettings = {
				ALWAYS_SEARCH_USER_PATHS = NO;
				CLANG_ANALYZER_NONNULL = YES;
				CLANG_ANALYZER_NUMBER_OBJECT_CONVERSION = YES_AGGRESSIVE;
				CLANG_CXX_LANGUAGE_STANDARD = "gnu++14";
				CLANG_CXX_LIBRARY = "libc++";
				CLANG_ENABLE_MODULES = YES;
				CLANG_ENABLE_OBJC_ARC = YES;
				CLANG_ENABLE_OBJC_WEAK = YES;
				CLANG_WARN_BLOCK_CAPTURE_AUTORELEASING = YES;
				CLANG_WARN_BOOL_CONVERSION = YES;
				CLANG_WARN_COMMA = YES;
				CLANG_WARN_CONSTANT_CONVERSION = YES;
				CLANG_WARN_DEPRECATED_OBJC_IMPLEMENTATIONS = YES;
				CLANG_WARN_DIRECT_OBJC_ISA_USAGE = YES_ERROR;
				CLANG_WARN_DOCUMENTATION_COMMENTS = YES;
				CLANG_WARN_EMPTY_BODY = YES;
				CLANG_WARN_ENUM_CONVERSION = YES;
				CLANG_WARN_INFINITE_RECURSION = YES;
				CLANG_WARN_INT_CONVERSION = YES;
				CLANG_WARN_NON_LITERAL_NULL_CONVERSION = YES;
				CLANG_WARN_OBJC_IMPLICIT_RETAIN_SELF = YES;
				CLANG_WARN_OBJC_LITERAL_CONVERSION = YES;
				CLANG_WARN_OBJC_ROOT_CLASS = YES_ERROR;
				CLANG_WARN_RANGE_LOOP_ANALYSIS = YES;
				CLANG_WARN_STRICT_PROTOTYPES = YES;
				CLANG_WARN_SUSPICIOUS_MOVE = YES;
				CLANG_WARN_UNGUARDED_AVAILABILITY = YES_AGGRESSIVE;
				CLANG_WARN_UNREACHABLE_CODE = YES;
				CLANG_WARN__DUPLICATE_METHOD_MATCH = YES;
				CODE_SIGN_IDENTITY = "iPhone Developer";
				COPY_PHASE_STRIP = NO;
				DEBUG_INFORMATION_FORMAT = dwarf;
				ENABLE_STRICT_OBJC_MSGSEND = YES;
				ENABLE_TESTABILITY = YES;
				GCC_C_LANGUAGE_STANDARD = gnu11;
				GCC_DYNAMIC_NO_PIC = NO;
				GCC_NO_COMMON_BLOCKS = YES;
				GCC_OPTIMIZATION_LEVEL = 0;
				GCC_PREPROCESSOR_DEFINITIONS = (
					"DEBUG=1",
					"$(inherited)",
				);
				GCC_WARN_64_TO_32_BIT_CONVERSION = YES;
				GCC_WARN_ABOUT_RETURN_TYPE = YES_ERROR;
				GCC_WARN_UNDECLARED_SELECTOR = YES;
				GCC_WARN_UNINITIALIZED_AUTOS = YES_AGGRESSIVE;
				GCC_WARN_UNUSED_FUNCTION = YES;
				GCC_WARN_UNUSED_VARIABLE = YES;
				IPHONEOS_DEPLOYMENT_TARGET = 12.0;
				MTL_ENABLE_DEBUG_INFO = INCLUDE_SOURCE;
				MTL_FAST_MATH = YES;
				ONLY_ACTIVE_ARCH = YES;
				SDKROOT = iphoneos;
				SWIFT_ACTIVE_COMPILATION_CONDITIONS = DEBUG;
				SWIFT_OPTIMIZATION_LEVEL = "-Onone";
			};
			name = Debug;
		};
		3AEA196E2172265C0040F347 /* Release */ = {
			isa = XCBuildConfiguration;
			buildSettings = {
				ALWAYS_SEARCH_USER_PATHS = NO;
				CLANG_ANALYZER_NONNULL = YES;
				CLANG_ANALYZER_NUMBER_OBJECT_CONVERSION = YES_AGGRESSIVE;
				CLANG_CXX_LANGUAGE_STANDARD = "gnu++14";
				CLANG_CXX_LIBRARY = "libc++";
				CLANG_ENABLE_MODULES = YES;
				CLANG_ENABLE_OBJC_ARC = YES;
				CLANG_ENABLE_OBJC_WEAK = YES;
				CLANG_WARN_BLOCK_CAPTURE_AUTORELEASING = YES;
				CLANG_WARN_BOOL_CONVERSION = YES;
				CLANG_WARN_COMMA = YES;
				CLANG_WARN_CONSTANT_CONVERSION = YES;
				CLANG_WARN_DEPRECATED_OBJC_IMPLEMENTATIONS = YES;
				CLANG_WARN_DIRECT_OBJC_ISA_USAGE = YES_ERROR;
				CLANG_WARN_DOCUMENTATION_COMMENTS = YES;
				CLANG_WARN_EMPTY_BODY = YES;
				CLANG_WARN_ENUM_CONVERSION = YES;
				CLANG_WARN_INFINITE_RECURSION = YES;
				CLANG_WARN_INT_CONVERSION = YES;
				CLANG_WARN_NON_LITERAL_NULL_CONVERSION = YES;
				CLANG_WARN_OBJC_IMPLICIT_RETAIN_SELF = YES;
				CLANG_WARN_OBJC_LITERAL_CONVERSION = YES;
				CLANG_WARN_OBJC_ROOT_CLASS = YES_ERROR;
				CLANG_WARN_RANGE_LOOP_ANALYSIS = YES;
				CLANG_WARN_STRICT_PROTOTYPES = YES;
				CLANG_WARN_SUSPICIOUS_MOVE = YES;
				CLANG_WARN_UNGUARDED_AVAILABILITY = YES_AGGRESSIVE;
				CLANG_WARN_UNREACHABLE_CODE = YES;
				CLANG_WARN__DUPLICATE_METHOD_MATCH = YES;
				CODE_SIGN_IDENTITY = "iPhone Developer";
				COPY_PHASE_STRIP = NO;
				DEBUG_INFORMATION_FORMAT = "dwarf-with-dsym";
				ENABLE_NS_ASSERTIONS = NO;
				ENABLE_STRICT_OBJC_MSGSEND = YES;
				GCC_C_LANGUAGE_STANDARD = gnu11;
				GCC_NO_COMMON_BLOCKS = YES;
				GCC_WARN_64_TO_32_BIT_CONVERSION = YES;
				GCC_WARN_ABOUT_RETURN_TYPE = YES_ERROR;
				GCC_WARN_UNDECLARED_SELECTOR = YES;
				GCC_WARN_UNINITIALIZED_AUTOS = YES_AGGRESSIVE;
				GCC_WARN_UNUSED_FUNCTION = YES;
				GCC_WARN_UNUSED_VARIABLE = YES;
				IPHONEOS_DEPLOYMENT_TARGET = 12.0;
				MTL_ENABLE_DEBUG_INFO = NO;
				MTL_FAST_MATH = YES;
				SDKROOT = iphoneos;
				SWIFT_COMPILATION_MODE = wholemodule;
				SWIFT_OPTIMIZATION_LEVEL = "-O";
				VALIDATE_PRODUCT = YES;
			};
			name = Release;
		};
		3AEA19702172265C0040F347 /* Debug */ = {
			isa = XCBuildConfiguration;
			buildSettings = {
				ASSETCATALOG_COMPILER_APPICON_NAME = AppIcon;
				CODE_SIGN_STYLE = Automatic;
				DEVELOPMENT_TEAM = RPRLABY6AE;
				INFOPLIST_FILE = "$(SRCROOT)/targets/main/Info.plist";
				LD_RUNPATH_SEARCH_PATHS = (
					"$(inherited)",
					"@executable_path/Frameworks",
				);
				PRODUCT_BUNDLE_IDENTIFIER = es.com.jano.tasks.tasks;
				PRODUCT_NAME = "$(TARGET_NAME)";
				SWIFT_VERSION = 4.2;
				TARGETED_DEVICE_FAMILY = "1,2";
			};
			name = Debug;
		};
		3AEA19712172265C0040F347 /* Release */ = {
			isa = XCBuildConfiguration;
			buildSettings = {
				ASSETCATALOG_COMPILER_APPICON_NAME = AppIcon;
				CODE_SIGN_STYLE = Automatic;
				DEVELOPMENT_TEAM = RPRLABY6AE;
				INFOPLIST_FILE = "$(SRCROOT)/targets/main/Info.plist";
				LD_RUNPATH_SEARCH_PATHS = (
					"$(inherited)",
					"@executable_path/Frameworks",
				);
				PRODUCT_BUNDLE_IDENTIFIER = es.com.jano.tasks.tasks;
				PRODUCT_NAME = "$(TARGET_NAME)";
				SWIFT_VERSION = 4.2;
				TARGETED_DEVICE_FAMILY = "1,2";
			};
			name = Release;
		};
		3AEA19732172265C0040F347 /* Debug */ = {
			isa = XCBuildConfiguration;
			buildSettings = {
				ALWAYS_EMBED_SWIFT_STANDARD_LIBRARIES = YES;
				BUNDLE_LOADER = "$(TEST_HOST)";
				CODE_SIGN_STYLE = Automatic;
				DEVELOPMENT_TEAM = RPRLABY6AE;
				INFOPLIST_FILE = "$(SRCROOT)/targets/tests/Info.plist";
				LD_RUNPATH_SEARCH_PATHS = (
					"$(inherited)",
					"@executable_path/Frameworks",
					"@loader_path/Frameworks",
				);
				PRODUCT_BUNDLE_IDENTIFIER = es.com.jano.tasks.tasksTests;
				PRODUCT_NAME = "$(TARGET_NAME)";
				SWIFT_VERSION = 4.2;
				TARGETED_DEVICE_FAMILY = "1,2";
				TEST_HOST = "$(BUILT_PRODUCTS_DIR)/Tasks.app/Tasks";
			};
			name = Debug;
		};
		3AEA19742172265C0040F347 /* Release */ = {
			isa = XCBuildConfiguration;
			buildSettings = {
				ALWAYS_EMBED_SWIFT_STANDARD_LIBRARIES = YES;
				BUNDLE_LOADER = "$(TEST_HOST)";
				CODE_SIGN_STYLE = Automatic;
				DEVELOPMENT_TEAM = RPRLABY6AE;
				INFOPLIST_FILE = "$(SRCROOT)/targets/tests/Info.plist";
				LD_RUNPATH_SEARCH_PATHS = (
					"$(inherited)",
					"@executable_path/Frameworks",
					"@loader_path/Frameworks",
				);
				PRODUCT_BUNDLE_IDENTIFIER = es.com.jano.tasks.tasksTests;
				PRODUCT_NAME = "$(TARGET_NAME)";
				SWIFT_VERSION = 4.2;
				TARGETED_DEVICE_FAMILY = "1,2";
				TEST_HOST = "$(BUILT_PRODUCTS_DIR)/Tasks.app/Tasks";
			};
			name = Release;
		};
		3AEA19762172265C0040F347 /* Debug */ = {
			isa = XCBuildConfiguration;
			buildSettings = {
				ALWAYS_EMBED_SWIFT_STANDARD_LIBRARIES = YES;
				CODE_SIGN_STYLE = Automatic;
				DEVELOPMENT_TEAM = RPRLABY6AE;
				INFOPLIST_FILE = "$(SRCROOT)/targets/uitests/Info.plist";
				LD_RUNPATH_SEARCH_PATHS = (
					"$(inherited)",
					"@executable_path/Frameworks",
					"@loader_path/Frameworks",
				);
				PRODUCT_BUNDLE_IDENTIFIER = es.com.jano.tasks.tasksUITests;
				PRODUCT_NAME = "$(TARGET_NAME)";
				SWIFT_VERSION = 4.2;
				TARGETED_DEVICE_FAMILY = "1,2";
				TEST_TARGET_NAME = Tasks;
			};
			name = Debug;
		};
		3AEA19772172265C0040F347 /* Release */ = {
			isa = XCBuildConfiguration;
			buildSettings = {
				ALWAYS_EMBED_SWIFT_STANDARD_LIBRARIES = YES;
				CODE_SIGN_STYLE = Automatic;
				DEVELOPMENT_TEAM = RPRLABY6AE;
				INFOPLIST_FILE = "$(SRCROOT)/targets/uitests/Info.plist";
				LD_RUNPATH_SEARCH_PATHS = (
					"$(inherited)",
					"@executable_path/Frameworks",
					"@loader_path/Frameworks",
				);
				PRODUCT_BUNDLE_IDENTIFIER = es.com.jano.tasks.tasksUITests;
				PRODUCT_NAME = "$(TARGET_NAME)";
				SWIFT_VERSION = 4.2;
				TARGETED_DEVICE_FAMILY = "1,2";
				TEST_TARGET_NAME = Tasks;
			};
			name = Release;
		};
/* End XCBuildConfiguration section */

/* Begin XCConfigurationList section */
		3AEA19422172265B0040F347 /* Build configuration list for PBXProject "tasks" */ = {
			isa = XCConfigurationList;
			buildConfigurations = (
				3AEA196D2172265C0040F347 /* Debug */,
				3AEA196E2172265C0040F347 /* Release */,
			);
			defaultConfigurationIsVisible = 0;
			defaultConfigurationName = Release;
		};
		3AEA196F2172265C0040F347 /* Build configuration list for PBXNativeTarget "Tasks" */ = {
			isa = XCConfigurationList;
			buildConfigurations = (
				3AEA19702172265C0040F347 /* Debug */,
				3AEA19712172265C0040F347 /* Release */,
			);
			defaultConfigurationIsVisible = 0;
			defaultConfigurationName = Release;
		};
		3AEA19722172265C0040F347 /* Build configuration list for PBXNativeTarget "tasksTests" */ = {
			isa = XCConfigurationList;
			buildConfigurations = (
				3AEA19732172265C0040F347 /* Debug */,
				3AEA19742172265C0040F347 /* Release */,
			);
			defaultConfigurationIsVisible = 0;
			defaultConfigurationName = Release;
		};
		3AEA19752172265C0040F347 /* Build configuration list for PBXNativeTarget "tasksUITests" */ = {
			isa = XCConfigurationList;
			buildConfigurations = (
				3AEA19762172265C0040F347 /* Debug */,
				3AEA19772172265C0040F347 /* Release */,
			);
			defaultConfigurationIsVisible = 0;
			defaultConfigurationName = Release;
		};
/* End XCConfigurationList section */
	};
	rootObject = 3AEA193F2172265B0040F347 /* Project object */;
}
